
Microsoft Visual Studio Solution File, Format Version 12.00
# Visual Studio Version 17
VisualStudioVersion = 17.2.32602.215
MinimumVisualStudioVersion = 10.0.40219.1
Project("{FAE04EC0-301F-11D3-BF4B-00C04F79EFBC}") = "Eclerx.AshutoshRana.Question3", "Eclerx.AshutoshRana.Question3\Eclerx.AshutoshRana.Question3.csproj", "{79FC2F41-1473-49E6-BF2E-CD24E805A9A6}"
EndProject
Global
	GlobalSection(SolutionConfigurationPlatforms) = preSolution
		Debug|Any CPU = Debug|Any CPU
		Release|Any CPU = Release|Any CPU
	EndGlobalSection
	GlobalSection(ProjectConfigurationPlatforms) = postSolution
		{79FC2F41-1473-49E6-BF2E-CD24E805A9A6}.Debug|Any CPU.ActiveCfg = Debug|Any CPU
		{79FC2F41-1473-49E6-BF2E-CD24E805A9A6}.Debug|Any CPU.Build.0 = Debug|Any CPU
		{79FC2F41-1473-49E6-BF2E-CD24E805A9A6}.Release|Any CPU.ActiveCfg = Release|Any CPU
		{79FC2F41-1473-49E6-BF2E-CD24E805A9A6}.Release|Any CPU.Build.0 = Release|Any CPU
	EndGlobalSection
	GlobalSection(SolutionProperties) = preSolution
		HideSolutionNode = FALSE
	EndGlobalSection
	GlobalSection(ExtensibilityGlobals) = postSolution
		SolutionGuid = {FEDE2002-A561-4E5F-8774-7DF21FB15809}
	EndGlobalSection
EndGlobal
